
Microsoft Visual Studio Solution File, Format Version 12.00
# Visual Studio 15
VisualStudioVersion = 15.0.27703.2026
MinimumVisualStudioVersion = 10.0.40219.1
Project("{8BC9CEB8-8B4A-11D0-8D11-00A0C91BC942}") = "Ortus", "Ortus\Ortus.vcxproj", "{E6B82583-8A6C-492E-88BB-DC5C7EA9A3C4}"
EndProject
Global
	GlobalSection(SolutionConfigurationPlatforms) = preSolution
		Debug|x64 = Debug|x64
		Debug|x86 = Debug|x86
		Release|x64 = Release|x64
		Release|x86 = Release|x86
	EndGlobalSection
	GlobalSection(ProjectConfigurationPlatforms) = postSolution
		{E6B82583-8A6C-492E-88BB-DC5C7EA9A3C4}.Debug|x64.ActiveCfg = Debug|x64
		{E6B82583-8A6C-492E-88BB-DC5C7EA9A3C4}.Debug|x64.Build.0 = Debug|x64
		{E6B82583-8A6C-492E-88BB-DC5C7EA9A3C4}.Debug|x86.ActiveCfg = Debug|Win32
		{E6B82583-8A6C-492E-88BB-DC5C7EA9A3C4}.Debug|x86.Build.0 = Debug|Win32
		{E6B82583-8A6C-492E-88BB-DC5C7EA9A3C4}.Release|x64.ActiveCfg = Release|x64
		{E6B82583-8A6C-492E-88BB-DC5C7EA9A3C4}.Release|x64.Build.0 = Release|x64
		{E6B82583-8A6C-492E-88BB-DC5C7EA9A3C4}.Release|x86.ActiveCfg = Release|Win32
		{E6B82583-8A6C-492E-88BB-DC5C7EA9A3C4}.Release|x86.Build.0 = Release|Win32
	EndGlobalSection
	GlobalSection(SolutionProperties) = preSolution
		HideSolutionNode = FALSE
	EndGlobalSection
	GlobalSection(ExtensibilityGlobals) = postSolution
		SolutionGuid = {5272A5A9-81F7-4C8B-A017-C68C7B406D68}
	EndGlobalSection
EndGlobal
